
Microsoft Visual Studio Solution File, Format Version 12.00
# Visual Studio Version 17
VisualStudioVersion = 17.14.36327.8 d17.14
MinimumVisualStudioVersion = 10.0.40219.1
Project("{FAE04EC0-301F-11D3-BF4B-00C04F79EFBC}") = "Optica1", "Optica1.csproj", "{AD750432-697C-6DAC-CB7E-836B79DC3807}"
EndProject
Global
	GlobalSection(SolutionConfigurationPlatforms) = preSolution
		Debug|Any CPU = Debug|Any CPU
		Release|Any CPU = Release|Any CPU
	EndGlobalSection
	GlobalSection(ProjectConfigurationPlatforms) = postSolution
		{AD750432-697C-6DAC-CB7E-836B79DC3807}.Debug|Any CPU.ActiveCfg = Debug|Any CPU
		{AD750432-697C-6DAC-CB7E-836B79DC3807}.Debug|Any CPU.Build.0 = Debug|Any CPU
		{AD750432-697C-6DAC-CB7E-836B79DC3807}.Release|Any CPU.ActiveCfg = Release|Any CPU
		{AD750432-697C-6DAC-CB7E-836B79DC3807}.Release|Any CPU.Build.0 = Release|Any CPU
	EndGlobalSection
	GlobalSection(SolutionProperties) = preSolution
		HideSolutionNode = FALSE
	EndGlobalSection
	GlobalSection(ExtensibilityGlobals) = postSolution
		SolutionGuid = {AC743D7B-9334-44EC-84B3-52BB73F0EECC}
	EndGlobalSection
EndGlobal
